
Microsoft Visual Studio Solution File, Format Version 12.00
Project("{FAE04EC0-301F-11D3-BF4B-00C04F79EFBC}") = "ConsoleApp1", "ConsoleApp1\ConsoleApp1.csproj", "{7A548EFC-8C22-4643-8B79-C524ED97CA4A}"
EndProject
Project("{FAE04EC0-301F-11D3-BF4B-00C04F79EFBC}") = "ConsoleApp1.Tests", "ConsoleApp1.Tests\ConsoleApp1.Tests.csproj", "{45BABDD2-B795-4CAA-8DC9-3919A7F0DF83}"
EndProject
Global
	GlobalSection(SolutionConfigurationPlatforms) = preSolution
		Debug|Any CPU = Debug|Any CPU
		Release|Any CPU = Release|Any CPU
	EndGlobalSection
	GlobalSection(ProjectConfigurationPlatforms) = postSolution
		{7A548EFC-8C22-4643-8B79-C524ED97CA4A}.Debug|Any CPU.ActiveCfg = Debug|Any CPU
		{7A548EFC-8C22-4643-8B79-C524ED97CA4A}.Debug|Any CPU.Build.0 = Debug|Any CPU
		{7A548EFC-8C22-4643-8B79-C524ED97CA4A}.Release|Any CPU.ActiveCfg = Release|Any CPU
		{7A548EFC-8C22-4643-8B79-C524ED97CA4A}.Release|Any CPU.Build.0 = Release|Any CPU
		{45BABDD2-B795-4CAA-8DC9-3919A7F0DF83}.Debug|Any CPU.ActiveCfg = Debug|Any CPU
		{45BABDD2-B795-4CAA-8DC9-3919A7F0DF83}.Debug|Any CPU.Build.0 = Debug|Any CPU
		{45BABDD2-B795-4CAA-8DC9-3919A7F0DF83}.Release|Any CPU.ActiveCfg = Release|Any CPU
		{45BABDD2-B795-4CAA-8DC9-3919A7F0DF83}.Release|Any CPU.Build.0 = Release|Any CPU
	EndGlobalSection
EndGlobal
